
Microsoft Visual Studio Solution File, Format Version 12.00
# Visual Studio Version 16
VisualStudioVersion = 16.0.28803.202
MinimumVisualStudioVersion = 10.0.40219.1
Project("{FAE04EC0-301F-11D3-BF4B-00C04F79EFBC}") = "SoliSocialWebApi", "SoliSocialWebApi\SoliSocialWebApi.csproj", "{4E023959-3A0D-4820-84DE-C1041005C139}"
EndProject
Global
	GlobalSection(SolutionConfigurationPlatforms) = preSolution
		Debug|Any CPU = Debug|Any CPU
		Release|Any CPU = Release|Any CPU
	EndGlobalSection
	GlobalSection(ProjectConfigurationPlatforms) = postSolution
		{4E023959-3A0D-4820-84DE-C1041005C139}.Debug|Any CPU.ActiveCfg = Debug|Any CPU
		{4E023959-3A0D-4820-84DE-C1041005C139}.Debug|Any CPU.Build.0 = Debug|Any CPU
		{4E023959-3A0D-4820-84DE-C1041005C139}.Release|Any CPU.ActiveCfg = Release|Any CPU
		{4E023959-3A0D-4820-84DE-C1041005C139}.Release|Any CPU.Build.0 = Release|Any CPU
	EndGlobalSection
	GlobalSection(SolutionProperties) = preSolution
		HideSolutionNode = FALSE
	EndGlobalSection
	GlobalSection(ExtensibilityGlobals) = postSolution
		SolutionGuid = {130B2740-08DD-4235-A647-84BF2DB784A8}
	EndGlobalSection
EndGlobal
